<?xml version="1.0" encoding="UTF-8" standalone="yes" ?>
<CodeBlocks_project_file>
	<FileVersion major="1" minor="6" />
	<Project>
		<Option title="SimpleGameEngine" />
		<Option pch_mode="2" />
		<Option compiler="gcc" />
		<Build>
			<Target title="Debug">
				<Option output="bin/Debug/SimpleGameEngine" prefix_auto="1" extension_auto="1" />
				<Option object_output="obj/Debug/" />
				<Option type="1" />
				<Option compiler="gcc" />
				<Compiler>
					<Add option="-g" />
					<Add directory="include" />
					<Add directory="include/Worlds" />
					<Add directory="include/Components" />
					<Add directory="include/Systems" />
					<Add directory="include/Assemblages" />
					<Add directory="include/Components/GrapicsComponents" />
					<Add directory="include/State" />
					<Add directory="include/Threading" />
					<Add directory="include/Systems/Gfx" />
					<Add directory="include/Components/Creatures/State" />
					<Add directory="include/Components/Elements" />
					<Add directory="include/Components/Creatures/Types" />
					<Add directory="include/Components/Materials" />
					<Add directory="include/Components/Controlled" />
					<Add directory="include/Assemblages/Creatures" />
					<Add directory="include/Components/Gfx" />
					<Add directory="include/Serialization" />
					<Add directory="include/EventQueue" />
					<Add directory="include/Network" />
					<Add directory="include/Rng" />
					<Add directory="include/Debugger" />
					<Add directory="include/LevelGeneration" />
					<Add directory="include/InstructionMachine" />
					<Add directory="include/Physics" />
					<Add directory="include/Math" />
					<Add directory="include/Audio" />
				</Compiler>
				<Linker>
					<Add library="C:/TDM-GCC-32/include/GL/libglfw3.a" />
				</Linker>
				<ExtraCommands>
					<Add before="xcopy assets bin\Debug\assets\ /E /H /Y" />
					<Add before="xcopy config bin\Debug\config\ /E /H /Y" />
					<Mode after="always" />
				</ExtraCommands>
			</Target>
			<Target title="Release">
				<Option output="bin/Release/SimpleGameEngine" prefix_auto="1" extension_auto="1" />
				<Option working_dir="bin/Release" />
				<Option object_output="obj/Release/" />
				<Option type="0" />
				<Option compiler="gcc" />
				<Compiler>
					<Add option="-O2" />
					<Add directory="include" />
					<Add directory="include/Worlds" />
					<Add directory="include/Systems" />
					<Add directory="include/Components" />
					<Add directory="include/Assemblages" />
					<Add directory="include/" />
					<Add directory="include/State" />
					<Add directory="include/Components/GrapicsComponents" />
					<Add directory="include/Threading" />
					<Add directory="include/Systems/Gfx" />
					<Add directory="include/Components/Creatures/State" />
					<Add directory="include/Components/Elements" />
					<Add directory="include/Components/Creatures/Types" />
					<Add directory="include/Components/Materials" />
					<Add directory="include/Components/Controlled" />
					<Add directory="include/Assemblages/Creatures" />
					<Add directory="include/Components/Gfx" />
					<Add directory="include/Serialization" />
					<Add directory="include/EventQueue" />
					<Add directory="include/Network" />
					<Add directory="include/Rng" />
					<Add directory="include/Debugger" />
					<Add directory="include/LevelGeneration" />
					<Add directory="include/InstructionMachine" />
					<Add directory="include/Physics" />
					<Add directory="include/Math" />
					<Add directory="include/Audio" />
				</Compiler>
				<Linker>
					<Add option="-s" />
					<Add library="C:/TDM-GCC-32/include/GL/libglfw3.a" />
				</Linker>
				<ExtraCommands>
					<Add before="xcopy assets bin\Release\assets\ /E /H /Y" />
					<Add before="xcopy config bin\Release\config\ /E /H /Y" />
					<Mode after="always" />
				</ExtraCommands>
			</Target>
			<Target title="Testing">
				<Option output="bin/Debug/SimpleGameEngine" prefix_auto="1" extension_auto="1" />
				<Option working_dir="bin/Debug" />
				<Option object_output="obj/Debug/" />
				<Option type="1" />
				<Option compiler="gcc" />
				<Compiler>
					<Add option="-g" />
					<Add option="-DUNIT_TESTING" />
					<Add directory="include" />
					<Add directory="include/Worlds" />
					<Add directory="include/Components" />
					<Add directory="include/Systems" />
					<Add directory="include/Assemblages" />
					<Add directory="include/Components/GrapicsComponents" />
					<Add directory="include/State" />
					<Add directory="include/Threading" />
					<Add directory="include/Systems/Gfx" />
					<Add directory="include/Components/Creatures/State" />
					<Add directory="include/Components/Elements" />
					<Add directory="include/Components/Creatures/Types" />
					<Add directory="include/Components/Materials" />
					<Add directory="include/Components/Controlled" />
					<Add directory="include/Assemblages/Creatures" />
					<Add directory="include/Components/Gfx" />
					<Add directory="include/Serialization" />
					<Add directory="tests" />
					<Add directory="include/EventQueue" />
					<Add directory="include/Network" />
					<Add directory="include/Rng" />
					<Add directory="include/Debugger" />
					<Add directory="include/LevelGeneration" />
					<Add directory="include/InstructionMachine" />
					<Add directory="include/Physics" />
					<Add directory="include/Math" />
					<Add directory="include/Audio" />
				</Compiler>
				<Linker>
					<Add library="C:/TDM-GCC-32/include/GL/libglfw3.a" />
				</Linker>
				<ExtraCommands>
					<Add before="xcopy assets bin\Debug\assets\ /E /H /Y" />
					<Add before="xcopy config bin\Debug\config\ /E /H /Y" />
					<Mode after="always" />
				</ExtraCommands>
			</Target>
		</Build>
		<Compiler>
			<Add option="-Wall" />
			<Add option="-std=c++1z" />
			<Add directory="C:/TDM-GCC-32/include" />
			<Add directory="C:/mingw_dev_lib32bit/i686-w64-mingw32/include/SDL2" />
		</Compiler>
		<Linker>
			<Add option="-lmingw32 -lSDL2main -lSDL2 -lm -ldinput8 -ldxguid -ldxerr8 -luser32 -lgdi32 -lwinmm -limm32 -lole32 -loleaut32 -lshell32 -lversion -luuid -static-libgcc" />
			<Add directory="C:/TDM-GCC-32/lib" />
			<Add directory="C:/mingw_dev_lib32bit/i686-w64-mingw32/lib" />
		</Linker>
		<Unit filename="include/Assemblages/PlayerAssemblage.h" />
		<Unit filename="include/Assemblages/SolidObjectAssemblage.h" />
		<Unit filename="include/Audio/Operator.h" />
		<Unit filename="include/BaseComponent.h" />
		<Unit filename="include/BaseSystem.h" />
		<Unit filename="include/BaseWorld.h" />
		<Unit filename="include/Components/PhysicsBodyComponent.h" />
		<Unit filename="include/Components/PlayerComponent.h" />
		<Unit filename="include/Debugger/Debugger.h" />
		<Unit filename="include/EntityComponentManager.h" />
		<Unit filename="include/InstructionMachine/InstructionMachine.h" />
		<Unit filename="include/Math/Algorithms/Deduplication.h" />
		<Unit filename="include/Math/Algorithms/MergeSort.h" />
		<Unit filename="include/Math/DeterministicMath.h" />
		<Unit filename="include/Math/EVector.h" />
		<Unit filename="include/Math/FixedPointInt.h" />
		<Unit filename="include/Math/RandomNumberGenerator.h" />
		<Unit filename="include/Physics/Aabb.h" />
		<Unit filename="include/Physics/Body.h" />
		<Unit filename="include/Physics/BucketTree.h" />
		<Unit filename="include/Physics/Circle.h" />
		<Unit filename="include/Physics/CollisionData.h" />
		<Unit filename="include/Physics/CollisionDectector.h" />
		<Unit filename="include/Physics/MassData.h" />
		<Unit filename="include/Physics/MaterialData.h" />
		<Unit filename="include/Physics/PhysicsEngine.h" />
		<Unit filename="include/Physics/ShapeData.h" />
		<Unit filename="include/Physics/SpatialHashMap.h" />
		<Unit filename="include/Physics/TransformData.h" />
		<Unit filename="include/Serialization/LevelLoader.h" />
		<Unit filename="include/Serialization/StringOperations.h" />
		<Unit filename="include/State/GameState.h" />
		<Unit filename="include/State/InputState.h" />
		<Unit filename="include/Systems/ActionSystem.h" />
		<Unit filename="include/Systems/GraphicsSystem.h" />
		<Unit filename="include/Systems/InputSystem.h" />
		<Unit filename="include/Systems/NetworkSystem.h" />
		<Unit filename="include/Systems/SystemTimer.h" />
		<Unit filename="include/Threading/SafeQueue.h" />
		<Unit filename="include/Threading/ThreadPool.h" />
		<Unit filename="include/Worlds/GameWorld.h" />
		<Unit filename="main.cpp" />
		<Unit filename="src/Assemblages/PlayerAssemblage.cpp" />
		<Unit filename="src/Audio/Operator.cpp" />
		<Unit filename="src/BaseComponent.cpp" />
		<Unit filename="src/BaseSystem.cpp" />
		<Unit filename="src/BaseWorld.cpp" />
		<Unit filename="src/Components/PhysicsBodyComponent.cpp" />
		<Unit filename="src/Components/PlayerComponent.cpp" />
		<Unit filename="src/Debugger/Debugger.cpp" />
		<Unit filename="src/InstructionMachine/InstructionMachine.cpp" />
		<Unit filename="src/Math/DeterministicMath.cpp" />
		<Unit filename="src/Math/EVector.cpp" />
		<Unit filename="src/Math/EVector/EVectorAssignmentOperators.cpp" />
		<Unit filename="src/Math/EVector/EVectorBooleanOperators.cpp" />
		<Unit filename="src/Math/EVector/EVectorMathOperations.cpp" />
		<Unit filename="src/Math/EVector/EVectorModificationOperators.cpp" />
		<Unit filename="src/Math/EVector/EVectorSelfModificationOperators.cpp" />
		<Unit filename="src/Math/FixedPointInt.cpp" />
		<Unit filename="src/Math/FixedPointInt/FixedPointIntAssignmentOperators.cpp" />
		<Unit filename="src/Math/FixedPointInt/FixedPointIntBoolOperators.cpp" />
		<Unit filename="src/Math/FixedPointInt/FixedPointIntMathFunctions.cpp" />
		<Unit filename="src/Math/FixedPointInt/FixedPointIntModificationOperators.cpp" />
		<Unit filename="src/Math/FixedPointInt/FixedPointIntSelfModificationOperators.cpp" />
		<Unit filename="src/Math/FixedPointInt/FixedPointIntTypeCasting.cpp" />
		<Unit filename="src/Math/RandomNumberGenerator.cpp" />
		<Unit filename="src/Physics/Aabb.cpp" />
		<Unit filename="src/Physics/Body.cpp" />
		<Unit filename="src/Physics/BucketTree.cpp" />
		<Unit filename="src/Physics/Circle.cpp" />
		<Unit filename="src/Physics/CollisionData.cpp" />
		<Unit filename="src/Physics/CollisionDectector.cpp" />
		<Unit filename="src/Physics/MassData.cpp" />
		<Unit filename="src/Physics/MaterialData.cpp" />
		<Unit filename="src/Physics/PhysicsEngine.cpp" />
		<Unit filename="src/Physics/ShapeData.cpp" />
		<Unit filename="src/Physics/SpatialHashMap.cpp" />
		<Unit filename="src/Physics/TransformData.cpp" />
		<Unit filename="src/Serialization/LevelLoader.cpp" />
		<Unit filename="src/Serialization/StringOperations.cpp" />
		<Unit filename="src/State/GameState.cpp" />
		<Unit filename="src/State/InputState.cpp" />
		<Unit filename="src/Systems/ActionSystem.cpp" />
		<Unit filename="src/Systems/GraphicsSystem.cpp" />
		<Unit filename="src/Systems/InputSystem.cpp" />
		<Unit filename="src/Systems/NetworkSystem.cpp" />
		<Unit filename="src/Systems/SystemTimer.cpp" />
		<Unit filename="src/Worlds/GameWorld.cpp" />
		<Unit filename="tests/EntityComponentManager/EntityComponentManagerTests.cpp">
			<Option target="Testing" />
		</Unit>
		<Unit filename="tests/InstructionMachine/InstructionMachineTests.cpp">
			<Option target="Testing" />
		</Unit>
		<Unit filename="tests/Math/Algorithms/DeduplicationTests.cpp">
			<Option target="Testing" />
		</Unit>
		<Unit filename="tests/Math/Algorithms/MergeSortTests.cpp">
			<Option target="Testing" />
		</Unit>
		<Unit filename="tests/Math/EVectorTests.cpp">
			<Option target="Testing" />
		</Unit>
		<Unit filename="tests/Math/EVector/EVectorAssignmentOperatorsTests.cpp">
			<Option target="Testing" />
		</Unit>
		<Unit filename="tests/Math/EVector/EVectorBooleanOperatorsTests.cpp">
			<Option target="Testing" />
		</Unit>
		<Unit filename="tests/Math/EVector/EVectorMathOperationsTests.cpp">
			<Option target="Testing" />
		</Unit>
		<Unit filename="tests/Math/EVector/EVectorModificationOperatorsTests.cpp">
			<Option target="Testing" />
		</Unit>
		<Unit filename="tests/Math/EVector/EVectorSelfModificationOperatorsTests.cpp">
			<Option target="Testing" />
		</Unit>
		<Unit filename="tests/Math/FixedPointIntTests.cpp">
			<Option target="Testing" />
		</Unit>
		<Unit filename="tests/Math/FixedPointIntTests/FixedPointIntAssignmentOperatorsTests.cpp">
			<Option target="Testing" />
		</Unit>
		<Unit filename="tests/Math/FixedPointIntTests/FixedPointIntBoolOperatorsTests.cpp">
			<Option target="Testing" />
		</Unit>
		<Unit filename="tests/Math/FixedPointIntTests/FixedPointIntMathFunctionsTests.cpp">
			<Option target="Testing" />
		</Unit>
		<Unit filename="tests/Math/FixedPointIntTests/FixedPointIntModificationOperatorsTests.cpp">
			<Option target="Testing" />
		</Unit>
		<Unit filename="tests/Math/FixedPointIntTests/FixedPointIntSelfModificationOperatorsTests.cpp">
			<Option target="Testing" />
		</Unit>
		<Unit filename="tests/Math/FixedPointIntTests/FixedPointIntTypeCastingTests.cpp">
			<Option target="Testing" />
		</Unit>
		<Unit filename="tests/Math/RandomNumberGeneratorTests.cpp">
			<Option target="Testing" />
		</Unit>
		<Unit filename="tests/Physics/AabbTests.cpp">
			<Option target="Testing" />
		</Unit>
		<Unit filename="tests/Physics/BucketTreeTests.cpp">
			<Option target="Testing" />
		</Unit>
		<Unit filename="tests/Physics/CollisionDectectorTests.cpp">
			<Option target="Testing" />
		</Unit>
		<Unit filename="tests/Physics/SpatialHashMapTests.cpp">
			<Option target="Testing" />
		</Unit>
		<Unit filename="tests/Serialization/StringOperationsTests.cpp">
			<Option target="Testing" />
		</Unit>
		<Unit filename="tests/catch.hpp">
			<Option target="Testing" />
		</Unit>
		<Extensions>
			<code_completion />
			<envvars />
			<debugger />
			<lib_finder disable_auto="1" />
		</Extensions>
	</Project>
</CodeBlocks_project_file>
