<?xml version="1.0" encoding="UTF-8" standalone="yes" ?>
<CodeBlocks_project_file>
	<FileVersion major="1" minor="6" />
	<Project>
		<Option title="SimpleGameEngine" />
		<Option pch_mode="2" />
		<Option compiler="gcc" />
		<Build>
			<Target title="Debug">
				<Option output="bin/Debug/SimpleGameEngine" prefix_auto="1" extension_auto="1" />
				<Option object_output="obj/Debug/" />
				<Option type="1" />
				<Option compiler="gcc" />
				<Option use_console_runner="0" />
				<Compiler>
					<Add option="-std=c++1z" />
					<Add option="-g" />
					<Add directory="include" />
					<Add directory="include/Worlds" />
					<Add directory="include/Components" />
					<Add directory="include/Systems" />
					<Add directory="include/Assemblages" />
					<Add directory="include/Components/GrapicsComponents" />
					<Add directory="include/State" />
					<Add directory="include/Threading" />
					<Add directory="include/Systems/Gfx" />
					<Add directory="include/Components/Creatures/State" />
					<Add directory="include/Components/Elements" />
					<Add directory="include/Components/Creatures/Types" />
					<Add directory="include/Components/Materials" />
					<Add directory="include/Components/Controlled" />
					<Add directory="include/Assemblages/Creatures" />
				</Compiler>
			</Target>
			<Target title="Release">
				<Option output="bin/Release/SimpleGameEngine" prefix_auto="1" extension_auto="1" />
				<Option object_output="obj/Release/" />
				<Option type="0" />
				<Option compiler="gcc" />
				<Compiler>
					<Add option="-O2" />
					<Add directory="include" />
					<Add directory="include/Worlds" />
					<Add directory="include/Systems" />
					<Add directory="include/Components" />
					<Add directory="include/Assemblages" />
					<Add directory="include/" />
					<Add directory="include/State" />
					<Add directory="include/Components/GrapicsComponents" />
					<Add directory="include/Threading" />
					<Add directory="include/Systems/Gfx" />
					<Add directory="include/Components/Creatures/State" />
					<Add directory="include/Components/Elements" />
					<Add directory="include/Components/Creatures/Types" />
					<Add directory="include/Components/Materials" />
					<Add directory="include/Components/Controlled" />
					<Add directory="include/Assemblages/Creatures" />
				</Compiler>
				<Linker>
					<Add option="-s" />
				</Linker>
			</Target>
		</Build>
		<Compiler>
			<Add option="-Wall" />
			<Add option="-std=c++14" />
			<Add directory="C:/TDM-GCC-32/include" />
			<Add directory="C:/mingw_dev_lib32bit/i686-w64-mingw32/include/SDL2" />
		</Compiler>
		<Linker>
			<Add option="-lmingw32 -lSDL2main -lSDL2 -mwindows -lm -ldinput8 -ldxguid -ldxerr8 -luser32 -lgdi32 -lwinmm -limm32 -lole32 -loleaut32 -lshell32 -lversion -luuid -static-libgcc" />
			<Add directory="C:/TDM-GCC-32/lib" />
			<Add directory="C:/mingw_dev_lib32bit/i686-w64-mingw32/lib" />
		</Linker>
		<Unit filename="include/BaseComponent.h" />
		<Unit filename="include/BaseSystem.h" />
		<Unit filename="include/BaseWorld.h" />
		<Unit filename="include/Components/MovementComponent.h" />
		<Unit filename="include/Components/PositionComponent.h" />
		<Unit filename="include/Debugger.h" />
		<Unit filename="include/EntityComponentManager.h" />
		<Unit filename="include/State/GameState.h" />
		<Unit filename="include/State/InputState.h" />
		<Unit filename="include/Systems/GraphicsSystem.h" />
		<Unit filename="include/Systems/InputSystem.h" />
		<Unit filename="include/Systems/MovementSystem.h" />
		<Unit filename="include/Systems/PositionSystem.h" />
		<Unit filename="include/Threading/SafeQueue.h" />
		<Unit filename="include/Threading/ThreadPool.h" />
		<Unit filename="include/Worlds/GameWorld.h" />
		<Unit filename="main.cpp" />
		<Unit filename="src/BaseComponent.cpp" />
		<Unit filename="src/BaseSystem.cpp" />
		<Unit filename="src/BaseWorld.cpp" />
		<Unit filename="src/Components/MovementComponent.cpp" />
		<Unit filename="src/Components/PositionComponent.cpp" />
		<Unit filename="src/State/GameState.cpp" />
		<Unit filename="src/State/InputState.cpp" />
		<Unit filename="src/Systems/GraphicsSystem.cpp" />
		<Unit filename="src/Systems/InputSystem.cpp" />
		<Unit filename="src/Systems/MovementSystem.cpp" />
		<Unit filename="src/Systems/PositionSystem.cpp" />
		<Unit filename="src/Worlds/GameWorld.cpp" />
		<Extensions>
			<code_completion />
			<envvars />
			<debugger />
			<lib_finder disable_auto="1" />
		</Extensions>
	</Project>
</CodeBlocks_project_file>
